PODS:
  - Capacitor (5.0.3):
    - CapacitorCordova
  - CapacitorCamera (5.0.2):
    - Capacitor
  - CapacitorCordova (5.0.3)
  - CapacitorFilesystem (5.0.2):
    - Capacitor
  - CapacitorPreferences (5.0.2):
    - Capacitor
  - CapacitorShare (5.0.2):
    - Capacitor

DEPENDENCIES:
  - "Capacitor (from `../../node_modules/@capacitor/ios`)"
  - "CapacitorCamera (from `../../node_modules/@capacitor/camera`)"
  - "CapacitorCordova (from `../../node_modules/@capacitor/ios`)"
  - "CapacitorFilesystem (from `../../node_modules/@capacitor/filesystem`)"
  - "CapacitorPreferences (from `../../node_modules/@capacitor/preferences`)"
  - "CapacitorShare (from `../../node_modules/@capacitor/share`)"

EXTERNAL SOURCES:
  Capacitor:
    :path: "../../node_modules/@capacitor/ios"
  CapacitorCamera:
    :path: "../../node_modules/@capacitor/camera"
  CapacitorCordova:
    :path: "../../node_modules/@capacitor/ios"
  CapacitorFilesystem:
    :path: "../../node_modules/@capacitor/filesystem"
  CapacitorPreferences:
    :path: "../../node_modules/@capacitor/preferences"
  CapacitorShare:
    :path: "../../node_modules/@capacitor/share"

SPEC CHECKSUMS:
  Capacitor: 304a960e431f9e6f78556554ca71c41c1b2b9680
  CapacitorCamera: 15face5f9e030e480929a2c989deaaf3eb0d3947
  CapacitorCordova: def732a63679698df6fb392bbe6d269a0b61e937
  CapacitorFilesystem: 3a7bb944feb5b7e9473adeb08662c73141510aa8
  CapacitorPreferences: 0ad8838944f900284900d9647d9b0145c89ca27d
  CapacitorShare: 931224a0e17615e799d35b26286ab1d05f37d8fb

PODFILE CHECKSUM: f851e7586100bbabf2652642391c6a594e8aadc6

COCOAPODS: 1.11.2
